
Microsoft Visual Studio Solution File, Format Version 12.00
# Visual Studio Version 17
VisualStudioVersion = 17.11.35208.52
MinimumVisualStudioVersion = 10.0.40219.1
Project("{FAE04EC0-301F-11D3-BF4B-00C04F79EFBC}") = "HOSP", "HOSP\HOSP.csproj", "{AC768F19-FA03-4526-A95E-284BDD115317}"
EndProject
Global
	GlobalSection(SolutionConfigurationPlatforms) = preSolution
		Debug|Any CPU = Debug|Any CPU
		Release|Any CPU = Release|Any CPU
	EndGlobalSection
	GlobalSection(ProjectConfigurationPlatforms) = postSolution
		{AC768F19-FA03-4526-A95E-284BDD115317}.Debug|Any CPU.ActiveCfg = Debug|Any CPU
		{AC768F19-FA03-4526-A95E-284BDD115317}.Debug|Any CPU.Build.0 = Debug|Any CPU
		{AC768F19-FA03-4526-A95E-284BDD115317}.Release|Any CPU.ActiveCfg = Release|Any CPU
		{AC768F19-FA03-4526-A95E-284BDD115317}.Release|Any CPU.Build.0 = Release|Any CPU
	EndGlobalSection
	GlobalSection(SolutionProperties) = preSolution
		HideSolutionNode = FALSE
	EndGlobalSection
	GlobalSection(ExtensibilityGlobals) = postSolution
		SolutionGuid = {E64EB6BE-637E-4E8C-8E66-9B10699B4730}
	EndGlobalSection
EndGlobal
